
Microsoft Visual Studio Solution File, Format Version 12.00
# Visual Studio Version 16
VisualStudioVersion = 16.0.31005.135
MinimumVisualStudioVersion = 10.0.40219.1
Project("{FAE04EC0-301F-11D3-BF4B-00C04F79EFBC}") = "2021_02_18", "2021_02_18\2021_02_18.csproj", "{D8D1EC81-2F8B-4218-BDA5-CF8C64F3943C}"
EndProject
Global
	GlobalSection(SolutionConfigurationPlatforms) = preSolution
		Debug|Any CPU = Debug|Any CPU
		Release|Any CPU = Release|Any CPU
	EndGlobalSection
	GlobalSection(ProjectConfigurationPlatforms) = postSolution
		{D8D1EC81-2F8B-4218-BDA5-CF8C64F3943C}.Debug|Any CPU.ActiveCfg = Debug|Any CPU
		{D8D1EC81-2F8B-4218-BDA5-CF8C64F3943C}.Debug|Any CPU.Build.0 = Debug|Any CPU
		{D8D1EC81-2F8B-4218-BDA5-CF8C64F3943C}.Release|Any CPU.ActiveCfg = Release|Any CPU
		{D8D1EC81-2F8B-4218-BDA5-CF8C64F3943C}.Release|Any CPU.Build.0 = Release|Any CPU
	EndGlobalSection
	GlobalSection(SolutionProperties) = preSolution
		HideSolutionNode = FALSE
	EndGlobalSection
	GlobalSection(ExtensibilityGlobals) = postSolution
		SolutionGuid = {911A5B9B-66EA-462F-AD4F-2F9F024E20A5}
	EndGlobalSection
EndGlobal
